// !$*UTF8*$!
{
	archiveVersion = 1;
	classes = {
	};
	objectVersion = 50;
	objects = {

/* Begin PBXFileReference section */
		048FABF9239F601E000DFCEA /* Makefile */ = {isa = PBXFileReference; lastKnownFileType = sourcecode.make; path = Makefile; sourceTree = "<group>"; };
		048FABFA239F601E000DFCEA /* customSTARK.vcxproj */ = {isa = PBXFileReference; lastKnownFileType = text.xml; path = customSTARK.vcxproj; sourceTree = "<group>"; };
		048FABFB239F601E000DFCEA /* src */ = {isa = PBXFileReference; lastKnownFileType = folder; path = src; sourceTree = "<group>"; };
/* End PBXFileReference section */

/* Begin PBXGroup section */
		048FABF3239F601E000DFCEA = {
			isa = PBXGroup;
			children = (
				048FABF9239F601E000DFCEA /* Makefile */,
				048FABFA239F601E000DFCEA /* customSTARK.vcxproj */,
				048FABFB239F601E000DFCEA /* src */,
			);
			sourceTree = "<group>";
		};
/* End PBXGroup section */

/* Begin PBXLegacyTarget section */
		048FABF8239F601E000DFCEA /* libstark */ = {
			isa = PBXLegacyTarget;
			buildArgumentsString = "$(ACTION)";
			buildConfigurationList = 048FABFC239F601E000DFCEA /* Build configuration list for PBXLegacyTarget "libstark" */;
			buildPhases = (
			);
			buildToolPath = /usr/bin/make;
			buildWorkingDirectory = /Users/mac/libSTARK/libstark;
			dependencies = (
			);
			name = libstark;
			passBuildSettingsInEnvironment = 1;
			productName = libstark;
		};
/* End PBXLegacyTarget section */

/* Begin PBXProject section */
		048FABF4239F601E000DFCEA /* Project object */ = {
			isa = PBXProject;
			attributes = {
			};
			buildConfigurationList = 048FABF7239F601E000DFCEA /* Build configuration list for PBXProject "libstark" */;
			compatibilityVersion = "Xcode 9.3";
			developmentRegion = en;
			hasScannedForEncodings = 0;
			knownRegions = (
				en,
			);
			mainGroup = 048FABF3239F601E000DFCEA;
			projectDirPath = "";
			projectRoot = "";
			targets = (
				048FABF8239F601E000DFCEA /* libstark */,
			);
		};
/* End PBXProject section */

/* Begin XCBuildConfiguration section */
		048FABF5239F601E000DFCEA /* Debug */ = {
			isa = XCBuildConfiguration;
			buildSettings = {
				ARCHS = "$(ARCHS_STANDARD_32_BIT)";
				COPY_PHASE_STRIP = NO;
				GCC_WARN_ABOUT_RETURN_TYPE = YES;
				GCC_WARN_UNUSED_VARIABLE = YES;
				ONLY_ACTIVE_ARCH = YES;
				SDKROOT = macosx10.6;
			};
			name = Debug;
		};
		048FABF6239F601E000DFCEA /* Release */ = {
			isa = XCBuildConfiguration;
			buildSettings = {
				ARCHS = "$(ARCHS_STANDARD_32_BIT)";
				COPY_PHASE_STRIP = YES;
				GCC_WARN_ABOUT_RETURN_TYPE = YES;
				GCC_WARN_UNUSED_VARIABLE = YES;
				SDKROOT = macosx10.6;
			};
			name = Release;
		};
		048FABFD239F601E000DFCEA /* Debug */ = {
			isa = XCBuildConfiguration;
			buildSettings = {
				COPY_PHASE_STRIP = NO;
				DEBUGGING_SYMBOLS = YES;
				GCC_DYNAMIC_NO_PIC = NO;
				GCC_ENABLE_FIX_AND_CONTINUE = YES;
				GCC_GENERATE_DEBUGGING_SYMBOLS = YES;
				GCC_OPTIMIZATION_LEVEL = 0;
				OTHER_CFLAGS = "";
				OTHER_LDFLAGS = "";
				PRODUCT_NAME = libstark;
			};
			name = Debug;
		};
		048FABFE239F601E000DFCEA /* Release */ = {
			isa = XCBuildConfiguration;
			buildSettings = {
				COPY_PHASE_STRIP = YES;
				DEBUG_INFORMATION_FORMAT = "dwarf-with-dsym";
				GCC_ENABLE_FIX_AND_CONTINUE = NO;
				OTHER_CFLAGS = "";
				OTHER_LDFLAGS = "";
				PRODUCT_NAME = libstark;
			};
			name = Release;
		};
/* End XCBuildConfiguration section */

/* Begin XCConfigurationList section */
		048FABF7239F601E000DFCEA /* Build configuration list for PBXProject "libstark" */ = {
			isa = XCConfigurationList;
			buildConfigurations = (
				048FABF5239F601E000DFCEA /* Debug */,
				048FABF6239F601E000DFCEA /* Release */,
			);
			defaultConfigurationIsVisible = 0;
			defaultConfigurationName = Release;
		};
		048FABFC239F601E000DFCEA /* Build configuration list for PBXLegacyTarget "libstark" */ = {
			isa = XCConfigurationList;
			buildConfigurations = (
				048FABFD239F601E000DFCEA /* Debug */,
				048FABFE239F601E000DFCEA /* Release */,
			);
			defaultConfigurationIsVisible = 0;
			defaultConfigurationName = Release;
		};
/* End XCConfigurationList section */
	};
	rootObject = 048FABF4239F601E000DFCEA /* Project object */;
}
